
Microsoft Visual Studio Solution File, Format Version 12.00
# Visual Studio 15
VisualStudioVersion = 15.0.26127.0
MinimumVisualStudioVersion = 10.0.40219.1
Project("{F2A71F9B-5D33-465A-A702-920D77279786}") = "CrossingTheDivideXamrin", "CrossingTheDivideXamrin\CrossingTheDivideXamrin.fsproj", "{20963D72-3A9C-47ED-BC2D-0E7F381F1F60}"
EndProject
Project("{F2A71F9B-5D33-465A-A702-920D77279786}") = "CrossingTheDivideXamarinAndroid", "CrossingTheDivideXamarinAndroid\CrossingTheDivideXamarinAndroid.fsproj", "{3294DF9C-59C6-4DFE-926A-B2B8D11AADD6}"
EndProject
Project("{F2A71F9B-5D33-465A-A702-920D77279786}") = "SharedLogic", "SharedLogic\SharedLogic.fsproj", "{CBFDA871-7676-4DE1-925E-93AA5CB39838}"
EndProject
Global
	GlobalSection(SolutionConfigurationPlatforms) = preSolution
		Ad-Hoc|Any CPU = Ad-Hoc|Any CPU
		Ad-Hoc|iPhone = Ad-Hoc|iPhone
		Ad-Hoc|iPhoneSimulator = Ad-Hoc|iPhoneSimulator
		AppStore|Any CPU = AppStore|Any CPU
		AppStore|iPhone = AppStore|iPhone
		AppStore|iPhoneSimulator = AppStore|iPhoneSimulator
		Debug|Any CPU = Debug|Any CPU
		Debug|iPhone = Debug|iPhone
		Debug|iPhoneSimulator = Debug|iPhoneSimulator
		Release|Any CPU = Release|Any CPU
		Release|iPhone = Release|iPhone
		Release|iPhoneSimulator = Release|iPhoneSimulator
	EndGlobalSection
	GlobalSection(ProjectConfigurationPlatforms) = postSolution
		{20963D72-3A9C-47ED-BC2D-0E7F381F1F60}.Ad-Hoc|Any CPU.ActiveCfg = Ad-Hoc|iPhone
		{20963D72-3A9C-47ED-BC2D-0E7F381F1F60}.Ad-Hoc|iPhone.ActiveCfg = Ad-Hoc|iPhone
		{20963D72-3A9C-47ED-BC2D-0E7F381F1F60}.Ad-Hoc|iPhone.Build.0 = Ad-Hoc|iPhone
		{20963D72-3A9C-47ED-BC2D-0E7F381F1F60}.Ad-Hoc|iPhoneSimulator.ActiveCfg = Ad-Hoc|iPhoneSimulator
		{20963D72-3A9C-47ED-BC2D-0E7F381F1F60}.Ad-Hoc|iPhoneSimulator.Build.0 = Ad-Hoc|iPhoneSimulator
		{20963D72-3A9C-47ED-BC2D-0E7F381F1F60}.AppStore|Any CPU.ActiveCfg = AppStore|iPhone
		{20963D72-3A9C-47ED-BC2D-0E7F381F1F60}.AppStore|iPhone.ActiveCfg = AppStore|iPhone
		{20963D72-3A9C-47ED-BC2D-0E7F381F1F60}.AppStore|iPhone.Build.0 = AppStore|iPhone
		{20963D72-3A9C-47ED-BC2D-0E7F381F1F60}.AppStore|iPhoneSimulator.ActiveCfg = AppStore|iPhoneSimulator
		{20963D72-3A9C-47ED-BC2D-0E7F381F1F60}.AppStore|iPhoneSimulator.Build.0 = AppStore|iPhoneSimulator
		{20963D72-3A9C-47ED-BC2D-0E7F381F1F60}.Debug|Any CPU.ActiveCfg = Debug|iPhone
		{20963D72-3A9C-47ED-BC2D-0E7F381F1F60}.Debug|iPhone.ActiveCfg = Debug|iPhone
		{20963D72-3A9C-47ED-BC2D-0E7F381F1F60}.Debug|iPhone.Build.0 = Debug|iPhone
		{20963D72-3A9C-47ED-BC2D-0E7F381F1F60}.Debug|iPhoneSimulator.ActiveCfg = Debug|iPhoneSimulator
		{20963D72-3A9C-47ED-BC2D-0E7F381F1F60}.Debug|iPhoneSimulator.Build.0 = Debug|iPhoneSimulator
		{20963D72-3A9C-47ED-BC2D-0E7F381F1F60}.Release|Any CPU.ActiveCfg = Release|iPhone
		{20963D72-3A9C-47ED-BC2D-0E7F381F1F60}.Release|iPhone.ActiveCfg = Release|iPhone
		{20963D72-3A9C-47ED-BC2D-0E7F381F1F60}.Release|iPhone.Build.0 = Release|iPhone
		{20963D72-3A9C-47ED-BC2D-0E7F381F1F60}.Release|iPhoneSimulator.ActiveCfg = Release|iPhoneSimulator
		{20963D72-3A9C-47ED-BC2D-0E7F381F1F60}.Release|iPhoneSimulator.Build.0 = Release|iPhoneSimulator
		{3294DF9C-59C6-4DFE-926A-B2B8D11AADD6}.Ad-Hoc|Any CPU.ActiveCfg = Release|Any CPU
		{3294DF9C-59C6-4DFE-926A-B2B8D11AADD6}.Ad-Hoc|Any CPU.Build.0 = Release|Any CPU
		{3294DF9C-59C6-4DFE-926A-B2B8D11AADD6}.Ad-Hoc|Any CPU.Deploy.0 = Release|Any CPU
		{3294DF9C-59C6-4DFE-926A-B2B8D11AADD6}.Ad-Hoc|iPhone.ActiveCfg = Release|Any CPU
		{3294DF9C-59C6-4DFE-926A-B2B8D11AADD6}.Ad-Hoc|iPhone.Build.0 = Release|Any CPU
		{3294DF9C-59C6-4DFE-926A-B2B8D11AADD6}.Ad-Hoc|iPhone.Deploy.0 = Release|Any CPU
		{3294DF9C-59C6-4DFE-926A-B2B8D11AADD6}.Ad-Hoc|iPhoneSimulator.ActiveCfg = Release|Any CPU
		{3294DF9C-59C6-4DFE-926A-B2B8D11AADD6}.Ad-Hoc|iPhoneSimulator.Build.0 = Release|Any CPU
		{3294DF9C-59C6-4DFE-926A-B2B8D11AADD6}.Ad-Hoc|iPhoneSimulator.Deploy.0 = Release|Any CPU
		{3294DF9C-59C6-4DFE-926A-B2B8D11AADD6}.AppStore|Any CPU.ActiveCfg = Release|Any CPU
		{3294DF9C-59C6-4DFE-926A-B2B8D11AADD6}.AppStore|Any CPU.Build.0 = Release|Any CPU
		{3294DF9C-59C6-4DFE-926A-B2B8D11AADD6}.AppStore|Any CPU.Deploy.0 = Release|Any CPU
		{3294DF9C-59C6-4DFE-926A-B2B8D11AADD6}.AppStore|iPhone.ActiveCfg = Release|Any CPU
		{3294DF9C-59C6-4DFE-926A-B2B8D11AADD6}.AppStore|iPhone.Build.0 = Release|Any CPU
		{3294DF9C-59C6-4DFE-926A-B2B8D11AADD6}.AppStore|iPhone.Deploy.0 = Release|Any CPU
		{3294DF9C-59C6-4DFE-926A-B2B8D11AADD6}.AppStore|iPhoneSimulator.ActiveCfg = Release|Any CPU
		{3294DF9C-59C6-4DFE-926A-B2B8D11AADD6}.AppStore|iPhoneSimulator.Build.0 = Release|Any CPU
		{3294DF9C-59C6-4DFE-926A-B2B8D11AADD6}.AppStore|iPhoneSimulator.Deploy.0 = Release|Any CPU
		{3294DF9C-59C6-4DFE-926A-B2B8D11AADD6}.Debug|Any CPU.ActiveCfg = Debug|Any CPU
		{3294DF9C-59C6-4DFE-926A-B2B8D11AADD6}.Debug|Any CPU.Build.0 = Debug|Any CPU
		{3294DF9C-59C6-4DFE-926A-B2B8D11AADD6}.Debug|Any CPU.Deploy.0 = Debug|Any CPU
		{3294DF9C-59C6-4DFE-926A-B2B8D11AADD6}.Debug|iPhone.ActiveCfg = Debug|Any CPU
		{3294DF9C-59C6-4DFE-926A-B2B8D11AADD6}.Debug|iPhone.Build.0 = Debug|Any CPU
		{3294DF9C-59C6-4DFE-926A-B2B8D11AADD6}.Debug|iPhone.Deploy.0 = Debug|Any CPU
		{3294DF9C-59C6-4DFE-926A-B2B8D11AADD6}.Debug|iPhoneSimulator.ActiveCfg = Debug|Any CPU
		{3294DF9C-59C6-4DFE-926A-B2B8D11AADD6}.Debug|iPhoneSimulator.Build.0 = Debug|Any CPU
		{3294DF9C-59C6-4DFE-926A-B2B8D11AADD6}.Debug|iPhoneSimulator.Deploy.0 = Debug|Any CPU
		{3294DF9C-59C6-4DFE-926A-B2B8D11AADD6}.Release|Any CPU.ActiveCfg = Release|Any CPU
		{3294DF9C-59C6-4DFE-926A-B2B8D11AADD6}.Release|Any CPU.Build.0 = Release|Any CPU
		{3294DF9C-59C6-4DFE-926A-B2B8D11AADD6}.Release|Any CPU.Deploy.0 = Release|Any CPU
		{3294DF9C-59C6-4DFE-926A-B2B8D11AADD6}.Release|iPhone.ActiveCfg = Release|Any CPU
		{3294DF9C-59C6-4DFE-926A-B2B8D11AADD6}.Release|iPhone.Build.0 = Release|Any CPU
		{3294DF9C-59C6-4DFE-926A-B2B8D11AADD6}.Release|iPhone.Deploy.0 = Release|Any CPU
		{3294DF9C-59C6-4DFE-926A-B2B8D11AADD6}.Release|iPhoneSimulator.ActiveCfg = Release|Any CPU
		{3294DF9C-59C6-4DFE-926A-B2B8D11AADD6}.Release|iPhoneSimulator.Build.0 = Release|Any CPU
		{3294DF9C-59C6-4DFE-926A-B2B8D11AADD6}.Release|iPhoneSimulator.Deploy.0 = Release|Any CPU
		{CBFDA871-7676-4DE1-925E-93AA5CB39838}.Ad-Hoc|Any CPU.ActiveCfg = Release|Any CPU
		{CBFDA871-7676-4DE1-925E-93AA5CB39838}.Ad-Hoc|Any CPU.Build.0 = Release|Any CPU
		{CBFDA871-7676-4DE1-925E-93AA5CB39838}.Ad-Hoc|iPhone.ActiveCfg = Release|Any CPU
		{CBFDA871-7676-4DE1-925E-93AA5CB39838}.Ad-Hoc|iPhone.Build.0 = Release|Any CPU
		{CBFDA871-7676-4DE1-925E-93AA5CB39838}.Ad-Hoc|iPhoneSimulator.ActiveCfg = Release|Any CPU
		{CBFDA871-7676-4DE1-925E-93AA5CB39838}.Ad-Hoc|iPhoneSimulator.Build.0 = Release|Any CPU
		{CBFDA871-7676-4DE1-925E-93AA5CB39838}.AppStore|Any CPU.ActiveCfg = Release|Any CPU
		{CBFDA871-7676-4DE1-925E-93AA5CB39838}.AppStore|Any CPU.Build.0 = Release|Any CPU
		{CBFDA871-7676-4DE1-925E-93AA5CB39838}.AppStore|iPhone.ActiveCfg = Release|Any CPU
		{CBFDA871-7676-4DE1-925E-93AA5CB39838}.AppStore|iPhone.Build.0 = Release|Any CPU
		{CBFDA871-7676-4DE1-925E-93AA5CB39838}.AppStore|iPhoneSimulator.ActiveCfg = Release|Any CPU
		{CBFDA871-7676-4DE1-925E-93AA5CB39838}.AppStore|iPhoneSimulator.Build.0 = Release|Any CPU
		{CBFDA871-7676-4DE1-925E-93AA5CB39838}.Debug|Any CPU.ActiveCfg = Debug|Any CPU
		{CBFDA871-7676-4DE1-925E-93AA5CB39838}.Debug|Any CPU.Build.0 = Debug|Any CPU
		{CBFDA871-7676-4DE1-925E-93AA5CB39838}.Debug|iPhone.ActiveCfg = Debug|Any CPU
		{CBFDA871-7676-4DE1-925E-93AA5CB39838}.Debug|iPhone.Build.0 = Debug|Any CPU
		{CBFDA871-7676-4DE1-925E-93AA5CB39838}.Debug|iPhoneSimulator.ActiveCfg = Debug|Any CPU
		{CBFDA871-7676-4DE1-925E-93AA5CB39838}.Debug|iPhoneSimulator.Build.0 = Debug|Any CPU
		{CBFDA871-7676-4DE1-925E-93AA5CB39838}.Release|Any CPU.ActiveCfg = Release|Any CPU
		{CBFDA871-7676-4DE1-925E-93AA5CB39838}.Release|Any CPU.Build.0 = Release|Any CPU
		{CBFDA871-7676-4DE1-925E-93AA5CB39838}.Release|iPhone.ActiveCfg = Release|Any CPU
		{CBFDA871-7676-4DE1-925E-93AA5CB39838}.Release|iPhone.Build.0 = Release|Any CPU
		{CBFDA871-7676-4DE1-925E-93AA5CB39838}.Release|iPhoneSimulator.ActiveCfg = Release|Any CPU
		{CBFDA871-7676-4DE1-925E-93AA5CB39838}.Release|iPhoneSimulator.Build.0 = Release|Any CPU
	EndGlobalSection
	GlobalSection(SolutionProperties) = preSolution
		HideSolutionNode = FALSE
	EndGlobalSection
EndGlobal
